
Microsoft Visual Studio Solution File, Format Version 12.00
# Visual Studio Version 17
VisualStudioVersion = 17.5.33414.496
MinimumVisualStudioVersion = 10.0.40219.1
Project("{FAE04EC0-301F-11D3-BF4B-00C04F79EFBC}") = "API_Alunos", "API_Alunos\API_Alunos.csproj", "{0BA181AA-182F-4EEF-91DE-65E74E84F285}"
EndProject
Global
	GlobalSection(SolutionConfigurationPlatforms) = preSolution
		Debug|Any CPU = Debug|Any CPU
		Release|Any CPU = Release|Any CPU
	EndGlobalSection
	GlobalSection(ProjectConfigurationPlatforms) = postSolution
		{0BA181AA-182F-4EEF-91DE-65E74E84F285}.Debug|Any CPU.ActiveCfg = Debug|Any CPU
		{0BA181AA-182F-4EEF-91DE-65E74E84F285}.Debug|Any CPU.Build.0 = Debug|Any CPU
		{0BA181AA-182F-4EEF-91DE-65E74E84F285}.Release|Any CPU.ActiveCfg = Release|Any CPU
		{0BA181AA-182F-4EEF-91DE-65E74E84F285}.Release|Any CPU.Build.0 = Release|Any CPU
	EndGlobalSection
	GlobalSection(SolutionProperties) = preSolution
		HideSolutionNode = FALSE
	EndGlobalSection
	GlobalSection(ExtensibilityGlobals) = postSolution
		SolutionGuid = {784768CF-DA9A-4788-AF4A-FF0DE1E5A26E}
	EndGlobalSection
EndGlobal
